
Microsoft Visual Studio Solution File, Format Version 12.00
# Visual Studio 15
VisualStudioVersion = 15.0.27703.2026
MinimumVisualStudioVersion = 10.0.40219.1
Project("{FAE04EC0-301F-11D3-BF4B-00C04F79EFBC}") = "MasterRad", "MasterRad\MasterRad.csproj", "{ED43A92A-8260-48E3-8305-8AC5959AAD60}"
EndProject
Global
	GlobalSection(SolutionConfigurationPlatforms) = preSolution
		Debug|Any CPU = Debug|Any CPU
		Release|Any CPU = Release|Any CPU
	EndGlobalSection
	GlobalSection(ProjectConfigurationPlatforms) = postSolution
		{ED43A92A-8260-48E3-8305-8AC5959AAD60}.Debug|Any CPU.ActiveCfg = Debug|Any CPU
		{ED43A92A-8260-48E3-8305-8AC5959AAD60}.Debug|Any CPU.Build.0 = Debug|Any CPU
		{ED43A92A-8260-48E3-8305-8AC5959AAD60}.Release|Any CPU.ActiveCfg = Release|Any CPU
		{ED43A92A-8260-48E3-8305-8AC5959AAD60}.Release|Any CPU.Build.0 = Release|Any CPU
	EndGlobalSection
	GlobalSection(SolutionProperties) = preSolution
		HideSolutionNode = FALSE
	EndGlobalSection
	GlobalSection(ExtensibilityGlobals) = postSolution
		SolutionGuid = {D8C36C0B-B869-487C-9F9B-DC61715E0087}
	EndGlobalSection
EndGlobal
